
Microsoft Visual Studio Solution File, Format Version 12.00
Project("{FAE04EC0-301F-11D3-BF4B-00C04F79EFBC}") = "teledon-management-ui", "teledon-management-ui.csproj", "{653DA23D-F92B-4640-82F5-7A70DBE7DAE8}"
EndProject
Global
	GlobalSection(SolutionConfigurationPlatforms) = preSolution
		Debug|Any CPU = Debug|Any CPU
		Release|Any CPU = Release|Any CPU
	EndGlobalSection
	GlobalSection(ProjectConfigurationPlatforms) = postSolution
		{653DA23D-F92B-4640-82F5-7A70DBE7DAE8}.Debug|Any CPU.ActiveCfg = Debug|Any CPU
		{653DA23D-F92B-4640-82F5-7A70DBE7DAE8}.Debug|Any CPU.Build.0 = Debug|Any CPU
		{653DA23D-F92B-4640-82F5-7A70DBE7DAE8}.Release|Any CPU.ActiveCfg = Release|Any CPU
		{653DA23D-F92B-4640-82F5-7A70DBE7DAE8}.Release|Any CPU.Build.0 = Release|Any CPU
	EndGlobalSection
EndGlobal
